
Microsoft Visual Studio Solution File, Format Version 12.00
# Visual Studio Version 16
VisualStudioVersion = 16.0.30011.22
MinimumVisualStudioVersion = 10.0.40219.1
Project("{9A19103F-16F7-4668-BE54-9A1E7A4F7556}") = "Scheduler-Core-CRUD", "Scheduler-Core-CRUD\Scheduler-Core-CRUD.csproj", "{7ADEA363-6771-4B85-A22A-199CBEE8A8B9}"
EndProject
Project("{9A19103F-16F7-4668-BE54-9A1E7A4F7556}") = "DockManager-DataAnalysis", "DockManager-DataAnalysis\DockManager-DataAnalysis.csproj", "{5C44559E-A30D-46BD-B9B8-454877123816}"
EndProject
Project("{FAE04EC0-301F-11D3-BF4B-00C04F79EFBC}") = "MarketingDashboard", "MarketingDashboard\MarketingDashboard.csproj", "{D1FC4F6E-46B9-4A9D-9D5A-101A13DD0BD8}"
EndProject
Global
	GlobalSection(SolutionConfigurationPlatforms) = preSolution
		Debug|Any CPU = Debug|Any CPU
		Release|Any CPU = Release|Any CPU
	EndGlobalSection
	GlobalSection(ProjectConfigurationPlatforms) = postSolution
		{7ADEA363-6771-4B85-A22A-199CBEE8A8B9}.Debug|Any CPU.ActiveCfg = Debug|Any CPU
		{7ADEA363-6771-4B85-A22A-199CBEE8A8B9}.Debug|Any CPU.Build.0 = Debug|Any CPU
		{7ADEA363-6771-4B85-A22A-199CBEE8A8B9}.Release|Any CPU.ActiveCfg = Release|Any CPU
		{7ADEA363-6771-4B85-A22A-199CBEE8A8B9}.Release|Any CPU.Build.0 = Release|Any CPU
		{5C44559E-A30D-46BD-B9B8-454877123816}.Debug|Any CPU.ActiveCfg = Debug|Any CPU
		{5C44559E-A30D-46BD-B9B8-454877123816}.Debug|Any CPU.Build.0 = Debug|Any CPU
		{5C44559E-A30D-46BD-B9B8-454877123816}.Release|Any CPU.ActiveCfg = Release|Any CPU
		{5C44559E-A30D-46BD-B9B8-454877123816}.Release|Any CPU.Build.0 = Release|Any CPU
		{D1FC4F6E-46B9-4A9D-9D5A-101A13DD0BD8}.Debug|Any CPU.ActiveCfg = Debug|Any CPU
		{D1FC4F6E-46B9-4A9D-9D5A-101A13DD0BD8}.Debug|Any CPU.Build.0 = Debug|Any CPU
		{D1FC4F6E-46B9-4A9D-9D5A-101A13DD0BD8}.Release|Any CPU.ActiveCfg = Release|Any CPU
		{D1FC4F6E-46B9-4A9D-9D5A-101A13DD0BD8}.Release|Any CPU.Build.0 = Release|Any CPU
	EndGlobalSection
	GlobalSection(SolutionProperties) = preSolution
		HideSolutionNode = FALSE
	EndGlobalSection
	GlobalSection(ExtensibilityGlobals) = postSolution
		SolutionGuid = {63690AE1-4DD5-4D97-8050-74967EA7C290}
	EndGlobalSection
EndGlobal
